
Microsoft Visual Studio Solution File, Format Version 12.00
# Visual Studio Version 16
VisualStudioVersion = 16.0.32106.194
MinimumVisualStudioVersion = 10.0.40219.1
Project("{9A19103F-16F7-4668-BE54-9A1E7A4F7556}") = "FitMeApp", "FitMeApp\FitMeApp.csproj", "{69BA5875-57A8-411C-A296-2573922EAA40}"
EndProject
Project("{9A19103F-16F7-4668-BE54-9A1E7A4F7556}") = "FitMeApp.Repository.EntityFramework", "FitMeApp.Repository.EntityFramework\FitMeApp.Repository.EntityFramework.csproj", "{5F2F1AA0-D606-4CC4-B9B1-571D0F0DF64E}"
EndProject
Project("{9A19103F-16F7-4668-BE54-9A1E7A4F7556}") = "FitMeApp.Common", "FitMeApp.Common\FitMeApp.Common.csproj", "{0C124F30-4870-4D98-830A-094BD865935F}"
EndProject
Project("{9A19103F-16F7-4668-BE54-9A1E7A4F7556}") = "FitMeApp.Services", "FitMeApp.Services\FitMeApp.Services.csproj", "{DBCCAC8D-7547-4EE9-9516-7DE635A10CAC}"
EndProject
Project("{FAE04EC0-301F-11D3-BF4B-00C04F79EFBC}") = "FitMeApp.Services.Contracts", "FitMeApp.Services.Contracts\FitMeApp.Services.Contracts.csproj", "{4449308D-AC54-483E-8F7F-41DBCDF1F3CF}"
EndProject
Project("{FAE04EC0-301F-11D3-BF4B-00C04F79EFBC}") = "FitMeApp.Repository.EntityFramework.Contracts", "FitMeApp.Repository.EntityFramework.Contracts\FitMeApp.Repository.EntityFramework.Contracts.csproj", "{04056FBC-2991-44C9-82BF-281E2087E5CA}"
EndProject
Project("{FAE04EC0-301F-11D3-BF4B-00C04F79EFBC}") = "FitMeApp.WEB.Contracts", "FitMeApp.WEB.Contracts\FitMeApp.WEB.Contracts.csproj", "{91B5566D-A953-4D24-A411-14A5EBD4CC80}"
EndProject
Project("{FAE04EC0-301F-11D3-BF4B-00C04F79EFBC}") = "FitMeApp.Mapper", "FitMeApp.Mapper\FitMeApp.Mapper.csproj", "{CAF286BE-F2BE-46DC-956F-EB979A704707}"
EndProject
Global
	GlobalSection(SolutionConfigurationPlatforms) = preSolution
		Debug|Any CPU = Debug|Any CPU
		Release|Any CPU = Release|Any CPU
	EndGlobalSection
	GlobalSection(ProjectConfigurationPlatforms) = postSolution
		{69BA5875-57A8-411C-A296-2573922EAA40}.Debug|Any CPU.ActiveCfg = Debug|Any CPU
		{69BA5875-57A8-411C-A296-2573922EAA40}.Debug|Any CPU.Build.0 = Debug|Any CPU
		{69BA5875-57A8-411C-A296-2573922EAA40}.Release|Any CPU.ActiveCfg = Release|Any CPU
		{69BA5875-57A8-411C-A296-2573922EAA40}.Release|Any CPU.Build.0 = Release|Any CPU
		{5F2F1AA0-D606-4CC4-B9B1-571D0F0DF64E}.Debug|Any CPU.ActiveCfg = Debug|Any CPU
		{5F2F1AA0-D606-4CC4-B9B1-571D0F0DF64E}.Debug|Any CPU.Build.0 = Debug|Any CPU
		{5F2F1AA0-D606-4CC4-B9B1-571D0F0DF64E}.Release|Any CPU.ActiveCfg = Release|Any CPU
		{5F2F1AA0-D606-4CC4-B9B1-571D0F0DF64E}.Release|Any CPU.Build.0 = Release|Any CPU
		{0C124F30-4870-4D98-830A-094BD865935F}.Debug|Any CPU.ActiveCfg = Debug|Any CPU
		{0C124F30-4870-4D98-830A-094BD865935F}.Debug|Any CPU.Build.0 = Debug|Any CPU
		{0C124F30-4870-4D98-830A-094BD865935F}.Release|Any CPU.ActiveCfg = Release|Any CPU
		{0C124F30-4870-4D98-830A-094BD865935F}.Release|Any CPU.Build.0 = Release|Any CPU
		{DBCCAC8D-7547-4EE9-9516-7DE635A10CAC}.Debug|Any CPU.ActiveCfg = Debug|Any CPU
		{DBCCAC8D-7547-4EE9-9516-7DE635A10CAC}.Debug|Any CPU.Build.0 = Debug|Any CPU
		{DBCCAC8D-7547-4EE9-9516-7DE635A10CAC}.Release|Any CPU.ActiveCfg = Release|Any CPU
		{DBCCAC8D-7547-4EE9-9516-7DE635A10CAC}.Release|Any CPU.Build.0 = Release|Any CPU
		{4449308D-AC54-483E-8F7F-41DBCDF1F3CF}.Debug|Any CPU.ActiveCfg = Debug|Any CPU
		{4449308D-AC54-483E-8F7F-41DBCDF1F3CF}.Debug|Any CPU.Build.0 = Debug|Any CPU
		{4449308D-AC54-483E-8F7F-41DBCDF1F3CF}.Release|Any CPU.ActiveCfg = Release|Any CPU
		{4449308D-AC54-483E-8F7F-41DBCDF1F3CF}.Release|Any CPU.Build.0 = Release|Any CPU
		{04056FBC-2991-44C9-82BF-281E2087E5CA}.Debug|Any CPU.ActiveCfg = Debug|Any CPU
		{04056FBC-2991-44C9-82BF-281E2087E5CA}.Debug|Any CPU.Build.0 = Debug|Any CPU
		{04056FBC-2991-44C9-82BF-281E2087E5CA}.Release|Any CPU.ActiveCfg = Release|Any CPU
		{04056FBC-2991-44C9-82BF-281E2087E5CA}.Release|Any CPU.Build.0 = Release|Any CPU
		{91B5566D-A953-4D24-A411-14A5EBD4CC80}.Debug|Any CPU.ActiveCfg = Debug|Any CPU
		{91B5566D-A953-4D24-A411-14A5EBD4CC80}.Debug|Any CPU.Build.0 = Debug|Any CPU
		{91B5566D-A953-4D24-A411-14A5EBD4CC80}.Release|Any CPU.ActiveCfg = Release|Any CPU
		{91B5566D-A953-4D24-A411-14A5EBD4CC80}.Release|Any CPU.Build.0 = Release|Any CPU
		{CAF286BE-F2BE-46DC-956F-EB979A704707}.Debug|Any CPU.ActiveCfg = Debug|Any CPU
		{CAF286BE-F2BE-46DC-956F-EB979A704707}.Debug|Any CPU.Build.0 = Debug|Any CPU
		{CAF286BE-F2BE-46DC-956F-EB979A704707}.Release|Any CPU.ActiveCfg = Release|Any CPU
		{CAF286BE-F2BE-46DC-956F-EB979A704707}.Release|Any CPU.Build.0 = Release|Any CPU
	EndGlobalSection
	GlobalSection(SolutionProperties) = preSolution
		HideSolutionNode = FALSE
	EndGlobalSection
	GlobalSection(ExtensibilityGlobals) = postSolution
		SolutionGuid = {C5D644FA-7878-40D6-9B6E-994019161623}
	EndGlobalSection
EndGlobal
